<?xml version="1.0" encoding="utf-8"?>
<Project ToolsVersion="4.0" xmlns="http://schemas.microsoft.com/developer/msbuild/2003">
  <ItemGroup>
    <Filter Include="src">
      <UniqueIdentifier>{11111111-1111-1111-1111-111111111111}</UniqueIdentifier>
    </Filter>
    <Filter Include="src\core">
      <UniqueIdentifier>{22222222-2222-2222-2222-222222222222}</UniqueIdentifier>
    </Filter>
    <Filter Include="src\input">
      <UniqueIdentifier>{33333333-3333-3333-3333-333333333333}</UniqueIdentifier>
    </Filter>
    <Filter Include="src\rendering">
      <UniqueIdentifier>{44444444-4444-4444-4444-444444444444}</UniqueIdentifier>
    </Filter>
    <Filter Include="vendor">
      <UniqueIdentifier>{55555555-5555-5555-5555-555555555555}</UniqueIdentifier>
    </Filter>
    <Filter Include="vendor\Glad">
      <UniqueIdentifier>{66666666-6666-6666-6666-666666666666}</UniqueIdentifier>
    </Filter>
  </ItemGroup>
  <ItemGroup>
    <ClCompile Include="src\core\main.cpp">
      <Filter>src\core</Filter>
    </ClCompile>
    <ClCompile Include="src\core\application.cpp">
      <Filter>src\core</Filter>
    </ClCompile>
    <ClCompile Include="src\core\logging.cpp">
      <Filter>src\core</Filter>
    </ClCompile>
    <ClCompile Include="src\core\window.cpp">
      <Filter>src\core</Filter>
    </ClCompile>
    <ClCompile Include="src\input\keyboard.cpp">
      <Filter>src\input</Filter>
    </ClCompile>
    <ClCompile Include="src\input\mouse.cpp">
      <Filter>src\input</Filter>
    </ClCompile>
    <ClCompile Include="src\rendering\gl_buffer.cpp">
      <Filter>src\rendering</Filter>
    </ClCompile>
    <ClCompile Include="src\rendering\vertex_array.cpp">
      <Filter>src\rendering</Filter>
    </ClCompile>
    <ClCompile Include="src\rendering\shader.cpp">
      <Filter>src\rendering</Filter>
    </ClCompile>
    <ClCompile Include="vendor\Glad\src\glad.c">
      <Filter>vendor\Glad</Filter>
    </ClCompile>
  </ItemGroup>
  <ItemGroup>
    <ClInclude Include="src\core\application.h">
      <Filter>src\core</Filter>
    </ClInclude>
    <ClInclude Include="src\core\asserts.h">
      <Filter>src\core</Filter>
    </ClInclude>
    <ClInclude Include="src\core\defines.h">
      <Filter>src\core</Filter>
    </ClInclude>
    <ClInclude Include="src\core\logging.h">
      <Filter>src\core</Filter>
    </ClInclude>
    <ClInclude Include="src\core\window.h">
      <Filter>src\core</Filter>
    </ClInclude>
    <ClInclude Include="src\input\keyboard.h">
      <Filter>src\input</Filter>
    </ClInclude>
    <ClInclude Include="src\input\mouse.h">
      <Filter>src\input</Filter>
    </ClInclude>
    <ClInclude Include="src\rendering\gl_base_element.h">
      <Filter>src\rendering</Filter>
    </ClInclude>
    <ClInclude Include="src\rendering\gl_buffer.h">
      <Filter>src\rendering</Filter>
    </ClInclude>
    <ClInclude Include="src\rendering\render_commands.h">
      <Filter>src\rendering</Filter>
    </ClInclude>
    <ClInclude Include="src\rendering\shader.h">
      <Filter>src\rendering</Filter>
    </ClInclude>
    <ClInclude Include="src\rendering\vertex_array.h">
      <Filter>src\rendering</Filter>
    </ClInclude>
  </ItemGroup>
</Project>
